// !$*UTF8*$!
{
	archiveVersion = 1;
	classes = {
	};
	objectVersion = 50;
	objects = {

/* Begin PBXBuildFile section */
		E1CC8BD22940373700B257A9 /* AAICustomLD03Controller.m in Sources */ = {isa = PBXBuildFile; fileRef = E1CC8BD02940373700B257A9 /* AAICustomLD03Controller.m */; };
		E1CD542026A7CE7F0097BA6C /* AppDelegate.m in Sources */ = {isa = PBXBuildFile; fileRef = E1CD541F26A7CE7F0097BA6C /* AppDelegate.m */; };
		E1CD542326A7CE7F0097BA6C /* SceneDelegate.m in Sources */ = {isa = PBXBuildFile; fileRef = E1CD542226A7CE7F0097BA6C /* SceneDelegate.m */; };
		E1CD542626A7CE7F0097BA6C /* ViewController.m in Sources */ = {isa = PBXBuildFile; fileRef = E1CD542526A7CE7F0097BA6C /* ViewController.m */; };
		E1CD542926A7CE7F0097BA6C /* Main.storyboard in Resources */ = {isa = PBXBuildFile; fileRef = E1CD542726A7CE7F0097BA6C /* Main.storyboard */; };
		E1CD542B26A7CE830097BA6C /* Assets.xcassets in Resources */ = {isa = PBXBuildFile; fileRef = E1CD542A26A7CE830097BA6C /* Assets.xcassets */; };
		E1CD542E26A7CE830097BA6C /* LaunchScreen.storyboard in Resources */ = {isa = PBXBuildFile; fileRef = E1CD542C26A7CE830097BA6C /* LaunchScreen.storyboard */; };
		E1CD543126A7CE830097BA6C /* main.m in Sources */ = {isa = PBXBuildFile; fileRef = E1CD543026A7CE830097BA6C /* main.m */; };
		E1CD544F26A800110097BA6C /* SDK-DEMO-LICENSE in Resources */ = {isa = PBXBuildFile; fileRef = E1CD544E26A800110097BA6C /* SDK-DEMO-LICENSE */; };
/* End PBXBuildFile section */

/* Begin PBXFileReference section */
		E1CC8BD02940373700B257A9 /* AAICustomLD03Controller.m */ = {isa = PBXFileReference; fileEncoding = 4; lastKnownFileType = sourcecode.c.objc; path = AAICustomLD03Controller.m; sourceTree = "<group>"; };
		E1CC8BD12940373700B257A9 /* AAICustomLD03Controller.h */ = {isa = PBXFileReference; fileEncoding = 4; lastKnownFileType = sourcecode.c.h; path = AAICustomLD03Controller.h; sourceTree = "<group>"; };
		E1CD541B26A7CE7F0097BA6C /* LivenessSDKObjCDemo.app */ = {isa = PBXFileReference; explicitFileType = wrapper.application; includeInIndex = 0; path = LivenessSDKObjCDemo.app; sourceTree = BUILT_PRODUCTS_DIR; };
		E1CD541E26A7CE7F0097BA6C /* AppDelegate.h */ = {isa = PBXFileReference; lastKnownFileType = sourcecode.c.h; path = AppDelegate.h; sourceTree = "<group>"; };
		E1CD541F26A7CE7F0097BA6C /* AppDelegate.m */ = {isa = PBXFileReference; lastKnownFileType = sourcecode.c.objc; path = AppDelegate.m; sourceTree = "<group>"; };
		E1CD542126A7CE7F0097BA6C /* SceneDelegate.h */ = {isa = PBXFileReference; lastKnownFileType = sourcecode.c.h; path = SceneDelegate.h; sourceTree = "<group>"; };
		E1CD542226A7CE7F0097BA6C /* SceneDelegate.m */ = {isa = PBXFileReference; lastKnownFileType = sourcecode.c.objc; path = SceneDelegate.m; sourceTree = "<group>"; };
		E1CD542426A7CE7F0097BA6C /* ViewController.h */ = {isa = PBXFileReference; lastKnownFileType = sourcecode.c.h; path = ViewController.h; sourceTree = "<group>"; };
		E1CD542526A7CE7F0097BA6C /* ViewController.m */ = {isa = PBXFileReference; lastKnownFileType = sourcecode.c.objc; path = ViewController.m; sourceTree = "<group>"; };
		E1CD542826A7CE7F0097BA6C /* Base */ = {isa = PBXFileReference; lastKnownFileType = file.storyboard; name = Base; path = Base.lproj/Main.storyboard; sourceTree = "<group>"; };
		E1CD542A26A7CE830097BA6C /* Assets.xcassets */ = {isa = PBXFileReference; lastKnownFileType = folder.assetcatalog; path = Assets.xcassets; sourceTree = "<group>"; };
		E1CD542D26A7CE830097BA6C /* Base */ = {isa = PBXFileReference; lastKnownFileType = file.storyboard; name = Base; path = Base.lproj/LaunchScreen.storyboard; sourceTree = "<group>"; };
		E1CD542F26A7CE830097BA6C /* Info.plist */ = {isa = PBXFileReference; lastKnownFileType = text.plist.xml; path = Info.plist; sourceTree = "<group>"; };
		E1CD543026A7CE830097BA6C /* main.m */ = {isa = PBXFileReference; lastKnownFileType = sourcecode.c.objc; path = main.m; sourceTree = "<group>"; };
		E1CD544E26A800110097BA6C /* SDK-DEMO-LICENSE */ = {isa = PBXFileReference; fileEncoding = 4; lastKnownFileType = text; path = "SDK-DEMO-LICENSE"; sourceTree = "<group>"; };
/* End PBXFileReference section */

/* Begin PBXFrameworksBuildPhase section */
		E1CD541826A7CE7F0097BA6C /* Frameworks */ = {
			isa = PBXFrameworksBuildPhase;
			buildActionMask = 2147483647;
			files = (
			);
			runOnlyForDeploymentPostprocessing = 0;
		};
/* End PBXFrameworksBuildPhase section */

/* Begin PBXGroup section */
		E1CD541226A7CE7E0097BA6C = {
			isa = PBXGroup;
			children = (
				E1CD541D26A7CE7F0097BA6C /* LivenessSDKObjCDemo */,
				E1CD541C26A7CE7F0097BA6C /* Products */,
			);
			sourceTree = "<group>";
		};
		E1CD541C26A7CE7F0097BA6C /* Products */ = {
			isa = PBXGroup;
			children = (
				E1CD541B26A7CE7F0097BA6C /* LivenessSDKObjCDemo.app */,
			);
			name = Products;
			sourceTree = "<group>";
		};
		E1CD541D26A7CE7F0097BA6C /* LivenessSDKObjCDemo */ = {
			isa = PBXGroup;
			children = (
				E1CC8BD12940373700B257A9 /* AAICustomLD03Controller.h */,
				E1CC8BD02940373700B257A9 /* AAICustomLD03Controller.m */,
				E1CD544E26A800110097BA6C /* SDK-DEMO-LICENSE */,
				E1CD541E26A7CE7F0097BA6C /* AppDelegate.h */,
				E1CD541F26A7CE7F0097BA6C /* AppDelegate.m */,
				E1CD542126A7CE7F0097BA6C /* SceneDelegate.h */,
				E1CD542226A7CE7F0097BA6C /* SceneDelegate.m */,
				E1CD542426A7CE7F0097BA6C /* ViewController.h */,
				E1CD542526A7CE7F0097BA6C /* ViewController.m */,
				E1CD542726A7CE7F0097BA6C /* Main.storyboard */,
				E1CD542A26A7CE830097BA6C /* Assets.xcassets */,
				E1CD542C26A7CE830097BA6C /* LaunchScreen.storyboard */,
				E1CD542F26A7CE830097BA6C /* Info.plist */,
				E1CD543026A7CE830097BA6C /* main.m */,
			);
			path = LivenessSDKObjCDemo;
			sourceTree = "<group>";
		};
/* End PBXGroup section */

/* Begin PBXNativeTarget section */
		E1CD541A26A7CE7F0097BA6C /* LivenessSDKObjCDemo */ = {
			isa = PBXNativeTarget;
			buildConfigurationList = E1CD543426A7CE830097BA6C /* Build configuration list for PBXNativeTarget "LivenessSDKObjCDemo" */;
			buildPhases = (
				E1CD541726A7CE7F0097BA6C /* Sources */,
				E1CD541826A7CE7F0097BA6C /* Frameworks */,
				E1CD541926A7CE7F0097BA6C /* Resources */,
			);
			buildRules = (
			);
			dependencies = (
			);
			name = LivenessSDKObjCDemo;
			productName = LivenessSDKObjCDemo;
			productReference = E1CD541B26A7CE7F0097BA6C /* LivenessSDKObjCDemo.app */;
			productType = "com.apple.product-type.application";
		};
/* End PBXNativeTarget section */

/* Begin PBXProject section */
		E1CD541326A7CE7E0097BA6C /* Project object */ = {
			isa = PBXProject;
			attributes = {
				LastUpgradeCheck = 1240;
				TargetAttributes = {
					E1CD541A26A7CE7F0097BA6C = {
						CreatedOnToolsVersion = 12.4;
					};
				};
			};
			buildConfigurationList = E1CD541626A7CE7E0097BA6C /* Build configuration list for PBXProject "LivenessSDKObjCDemo" */;
			compatibilityVersion = "Xcode 9.3";
			developmentRegion = en;
			hasScannedForEncodings = 0;
			knownRegions = (
				en,
				Base,
			);
			mainGroup = E1CD541226A7CE7E0097BA6C;
			productRefGroup = E1CD541C26A7CE7F0097BA6C /* Products */;
			projectDirPath = "";
			projectRoot = "";
			targets = (
				E1CD541A26A7CE7F0097BA6C /* LivenessSDKObjCDemo */,
			);
		};
/* End PBXProject section */

/* Begin PBXResourcesBuildPhase section */
		E1CD541926A7CE7F0097BA6C /* Resources */ = {
			isa = PBXResourcesBuildPhase;
			buildActionMask = 2147483647;
			files = (
				E1CD544F26A800110097BA6C /* SDK-DEMO-LICENSE in Resources */,
				E1CD542E26A7CE830097BA6C /* LaunchScreen.storyboard in Resources */,
				E1CD542B26A7CE830097BA6C /* Assets.xcassets in Resources */,
				E1CD542926A7CE7F0097BA6C /* Main.storyboard in Resources */,
			);
			runOnlyForDeploymentPostprocessing = 0;
		};
/* End PBXResourcesBuildPhase section */

/* Begin PBXSourcesBuildPhase section */
		E1CD541726A7CE7F0097BA6C /* Sources */ = {
			isa = PBXSourcesBuildPhase;
			buildActionMask = 2147483647;
			files = (
				E1CD542626A7CE7F0097BA6C /* ViewController.m in Sources */,
				E1CD542026A7CE7F0097BA6C /* AppDelegate.m in Sources */,
				E1CD543126A7CE830097BA6C /* main.m in Sources */,
				E1CC8BD22940373700B257A9 /* AAICustomLD03Controller.m in Sources */,
				E1CD542326A7CE7F0097BA6C /* SceneDelegate.m in Sources */,
			);
			runOnlyForDeploymentPostprocessing = 0;
		};
/* End PBXSourcesBuildPhase section */

/* Begin PBXVariantGroup section */
		E1CD542726A7CE7F0097BA6C /* Main.storyboard */ = {
			isa = PBXVariantGroup;
			children = (
				E1CD542826A7CE7F0097BA6C /* Base */,
			);
			name = Main.storyboard;
			sourceTree = "<group>";
		};
		E1CD542C26A7CE830097BA6C /* LaunchScreen.storyboard */ = {
			isa = PBXVariantGroup;
			children = (
				E1CD542D26A7CE830097BA6C /* Base */,
			);
			name = LaunchScreen.storyboard;
			sourceTree = "<group>";
		};
/* End PBXVariantGroup section */

/* Begin XCBuildConfiguration section */
		E1CD543226A7CE830097BA6C /* Debug */ = {
			isa = XCBuildConfiguration;
			buildSettings = {
				ALWAYS_SEARCH_USER_PATHS = NO;
				CLANG_ANALYZER_NONNULL = YES;
				CLANG_ANALYZER_NUMBER_OBJECT_CONVERSION = YES_AGGRESSIVE;
				CLANG_CXX_LANGUAGE_STANDARD = "gnu++14";
				CLANG_CXX_LIBRARY = "libc++";
				CLANG_ENABLE_MODULES = YES;
				CLANG_ENABLE_OBJC_ARC = YES;
				CLANG_ENABLE_OBJC_WEAK = YES;
				CLANG_WARN_BLOCK_CAPTURE_AUTORELEASING = YES;
				CLANG_WARN_BOOL_CONVERSION = YES;
				CLANG_WARN_COMMA = YES;
				CLANG_WARN_CONSTANT_CONVERSION = YES;
				CLANG_WARN_DEPRECATED_OBJC_IMPLEMENTATIONS = YES;
				CLANG_WARN_DIRECT_OBJC_ISA_USAGE = YES_ERROR;
				CLANG_WARN_DOCUMENTATION_COMMENTS = YES;
				CLANG_WARN_EMPTY_BODY = YES;
				CLANG_WARN_ENUM_CONVERSION = YES;
				CLANG_WARN_INFINITE_RECURSION = YES;
				CLANG_WARN_INT_CONVERSION = YES;
				CLANG_WARN_NON_LITERAL_NULL_CONVERSION = YES;
				CLANG_WARN_OBJC_IMPLICIT_RETAIN_SELF = YES;
				CLANG_WARN_OBJC_LITERAL_CONVERSION = YES;
				CLANG_WARN_OBJC_ROOT_CLASS = YES_ERROR;
				CLANG_WARN_QUOTED_INCLUDE_IN_FRAMEWORK_HEADER = YES;
				CLANG_WARN_RANGE_LOOP_ANALYSIS = YES;
				CLANG_WARN_STRICT_PROTOTYPES = YES;
				CLANG_WARN_SUSPICIOUS_MOVE = YES;
				CLANG_WARN_UNGUARDED_AVAILABILITY = YES_AGGRESSIVE;
				CLANG_WARN_UNREACHABLE_CODE = YES;
				CLANG_WARN__DUPLICATE_METHOD_MATCH = YES;
				COPY_PHASE_STRIP = NO;
				DEBUG_INFORMATION_FORMAT = dwarf;
				ENABLE_STRICT_OBJC_MSGSEND = YES;
				ENABLE_TESTABILITY = YES;
				GCC_C_LANGUAGE_STANDARD = gnu11;
				GCC_DYNAMIC_NO_PIC = NO;
				GCC_NO_COMMON_BLOCKS = YES;
				GCC_OPTIMIZATION_LEVEL = 0;
				GCC_PREPROCESSOR_DEFINITIONS = (
					"DEBUG=1",
					"$(inherited)",
				);
				GCC_WARN_64_TO_32_BIT_CONVERSION = YES;
				GCC_WARN_ABOUT_RETURN_TYPE = YES_ERROR;
				GCC_WARN_UNDECLARED_SELECTOR = YES;
				GCC_WARN_UNINITIALIZED_AUTOS = YES_AGGRESSIVE;
				GCC_WARN_UNUSED_FUNCTION = YES;
				GCC_WARN_UNUSED_VARIABLE = YES;
				IPHONEOS_DEPLOYMENT_TARGET = 9.0;
				MTL_ENABLE_DEBUG_INFO = INCLUDE_SOURCE;
				MTL_FAST_MATH = YES;
				ONLY_ACTIVE_ARCH = YES;
				SDKROOT = iphoneos;
			};
			name = Debug;
		};
		E1CD543326A7CE830097BA6C /* Release */ = {
			isa = XCBuildConfiguration;
			buildSettings = {
				ALWAYS_SEARCH_USER_PATHS = NO;
				CLANG_ANALYZER_NONNULL = YES;
				CLANG_ANALYZER_NUMBER_OBJECT_CONVERSION = YES_AGGRESSIVE;
				CLANG_CXX_LANGUAGE_STANDARD = "gnu++14";
				CLANG_CXX_LIBRARY = "libc++";
				CLANG_ENABLE_MODULES = YES;
				CLANG_ENABLE_OBJC_ARC = YES;
				CLANG_ENABLE_OBJC_WEAK = YES;
				CLANG_WARN_BLOCK_CAPTURE_AUTORELEASING = YES;
				CLANG_WARN_BOOL_CONVERSION = YES;
				CLANG_WARN_COMMA = YES;
				CLANG_WARN_CONSTANT_CONVERSION = YES;
				CLANG_WARN_DEPRECATED_OBJC_IMPLEMENTATIONS = YES;
				CLANG_WARN_DIRECT_OBJC_ISA_USAGE = YES_ERROR;
				CLANG_WARN_DOCUMENTATION_COMMENTS = YES;
				CLANG_WARN_EMPTY_BODY = YES;
				CLANG_WARN_ENUM_CONVERSION = YES;
				CLANG_WARN_INFINITE_RECURSION = YES;
				CLANG_WARN_INT_CONVERSION = YES;
				CLANG_WARN_NON_LITERAL_NULL_CONVERSION = YES;
				CLANG_WARN_OBJC_IMPLICIT_RETAIN_SELF = YES;
				CLANG_WARN_OBJC_LITERAL_CONVERSION = YES;
				CLANG_WARN_OBJC_ROOT_CLASS = YES_ERROR;
				CLANG_WARN_QUOTED_INCLUDE_IN_FRAMEWORK_HEADER = YES;
				CLANG_WARN_RANGE_LOOP_ANALYSIS = YES;
				CLANG_WARN_STRICT_PROTOTYPES = YES;
				CLANG_WARN_SUSPICIOUS_MOVE = YES;
				CLANG_WARN_UNGUARDED_AVAILABILITY = YES_AGGRESSIVE;
				CLANG_WARN_UNREACHABLE_CODE = YES;
				CLANG_WARN__DUPLICATE_METHOD_MATCH = YES;
				COPY_PHASE_STRIP = NO;
				DEBUG_INFORMATION_FORMAT = "dwarf-with-dsym";
				ENABLE_NS_ASSERTIONS = NO;
				ENABLE_STRICT_OBJC_MSGSEND = YES;
				GCC_C_LANGUAGE_STANDARD = gnu11;
				GCC_NO_COMMON_BLOCKS = YES;
				GCC_WARN_64_TO_32_BIT_CONVERSION = YES;
				GCC_WARN_ABOUT_RETURN_TYPE = YES_ERROR;
				GCC_WARN_UNDECLARED_SELECTOR = YES;
				GCC_WARN_UNINITIALIZED_AUTOS = YES_AGGRESSIVE;
				GCC_WARN_UNUSED_FUNCTION = YES;
				GCC_WARN_UNUSED_VARIABLE = YES;
				IPHONEOS_DEPLOYMENT_TARGET = 9.0;
				MTL_ENABLE_DEBUG_INFO = NO;
				MTL_FAST_MATH = YES;
				SDKROOT = iphoneos;
				VALIDATE_PRODUCT = YES;
			};
			name = Release;
		};
		E1CD543526A7CE830097BA6C /* Debug */ = {
			isa = XCBuildConfiguration;
			buildSettings = {
				ASSETCATALOG_COMPILER_APPICON_NAME = AppIcon;
				ASSETCATALOG_COMPILER_GLOBAL_ACCENT_COLOR_NAME = AccentColor;
				CODE_SIGN_STYLE = Automatic;
				DEVELOPMENT_TEAM = GSREPL66WM;
				INFOPLIST_FILE = LivenessSDKObjCDemo/Info.plist;
				IPHONEOS_DEPLOYMENT_TARGET = 9.0;
				LD_RUNPATH_SEARCH_PATHS = (
					"$(inherited)",
					"@executable_path/Frameworks",
				);
				PRODUCT_BUNDLE_IDENTIFIER = ai.advance.liveness.demo.objc.LivenessSDKObjCDemo;
				PRODUCT_NAME = "$(TARGET_NAME)";
				TARGETED_DEVICE_FAMILY = "1,2";
			};
			name = Debug;
		};
		E1CD543626A7CE830097BA6C /* Release */ = {
			isa = XCBuildConfiguration;
			buildSettings = {
				ASSETCATALOG_COMPILER_APPICON_NAME = AppIcon;
				ASSETCATALOG_COMPILER_GLOBAL_ACCENT_COLOR_NAME = AccentColor;
				CODE_SIGN_STYLE = Automatic;
				DEVELOPMENT_TEAM = GSREPL66WM;
				INFOPLIST_FILE = LivenessSDKObjCDemo/Info.plist;
				IPHONEOS_DEPLOYMENT_TARGET = 9.0;
				LD_RUNPATH_SEARCH_PATHS = (
					"$(inherited)",
					"@executable_path/Frameworks",
				);
				PRODUCT_BUNDLE_IDENTIFIER = ai.advance.liveness.demo.objc.LivenessSDKObjCDemo;
				PRODUCT_NAME = "$(TARGET_NAME)";
				TARGETED_DEVICE_FAMILY = "1,2";
			};
			name = Release;
		};
/* End XCBuildConfiguration section */

/* Begin XCConfigurationList section */
		E1CD541626A7CE7E0097BA6C /* Build configuration list for PBXProject "LivenessSDKObjCDemo" */ = {
			isa = XCConfigurationList;
			buildConfigurations = (
				E1CD543226A7CE830097BA6C /* Debug */,
				E1CD543326A7CE830097BA6C /* Release */,
			);
			defaultConfigurationIsVisible = 0;
			defaultConfigurationName = Release;
		};
		E1CD543426A7CE830097BA6C /* Build configuration list for PBXNativeTarget "LivenessSDKObjCDemo" */ = {
			isa = XCConfigurationList;
			buildConfigurations = (
				E1CD543526A7CE830097BA6C /* Debug */,
				E1CD543626A7CE830097BA6C /* Release */,
			);
			defaultConfigurationIsVisible = 0;
			defaultConfigurationName = Release;
		};
/* End XCConfigurationList section */
	};
	rootObject = E1CD541326A7CE7E0097BA6C /* Project object */;
}
